
Microsoft Visual Studio Solution File, Format Version 12.00
# Visual Studio Version 17
VisualStudioVersion = 17.8.34330.188
MinimumVisualStudioVersion = 10.0.40219.1
Project("{E53339B2-1760-4266-BCC7-CA923CBCF16C}") = "docker-compose", "docker-compose.dcproj", "{D2B57F11-E16C-4C1C-AC5E-1131BE208D3D}"
EndProject
Project("{9A19103F-16F7-4668-BE54-9A1E7A4F7556}") = "Server", "src\Server\Server.csproj", "{D6BDDE47-607F-4454-AAE0-10813D689B25}"
EndProject
Project("{9A19103F-16F7-4668-BE54-9A1E7A4F7556}") = "Workers", "src\Workers\Workers.csproj", "{A1F20A3E-4C15-4AC3-96FE-66488AAF2474}"
EndProject
Project("{2150E333-8FDC-42A3-9474-1A3956D46DE8}") = "src", "src", "{9DBAA487-CD24-4107-990B-5038FE31F997}"
EndProject
Project("{9A19103F-16F7-4668-BE54-9A1E7A4F7556}") = "Shared", "src\Shared\Shared.csproj", "{A545F76F-926E-4ED9-AA6C-9E3CD061F8C9}"
EndProject
Global
	GlobalSection(SolutionConfigurationPlatforms) = preSolution
		Debug|Any CPU = Debug|Any CPU
		Release|Any CPU = Release|Any CPU
	EndGlobalSection
	GlobalSection(ProjectConfigurationPlatforms) = postSolution
		{D2B57F11-E16C-4C1C-AC5E-1131BE208D3D}.Debug|Any CPU.ActiveCfg = Debug|Any CPU
		{D2B57F11-E16C-4C1C-AC5E-1131BE208D3D}.Debug|Any CPU.Build.0 = Debug|Any CPU
		{D2B57F11-E16C-4C1C-AC5E-1131BE208D3D}.Release|Any CPU.ActiveCfg = Release|Any CPU
		{D2B57F11-E16C-4C1C-AC5E-1131BE208D3D}.Release|Any CPU.Build.0 = Release|Any CPU
		{D6BDDE47-607F-4454-AAE0-10813D689B25}.Debug|Any CPU.ActiveCfg = Debug|Any CPU
		{D6BDDE47-607F-4454-AAE0-10813D689B25}.Debug|Any CPU.Build.0 = Debug|Any CPU
		{D6BDDE47-607F-4454-AAE0-10813D689B25}.Release|Any CPU.ActiveCfg = Release|Any CPU
		{D6BDDE47-607F-4454-AAE0-10813D689B25}.Release|Any CPU.Build.0 = Release|Any CPU
		{A1F20A3E-4C15-4AC3-96FE-66488AAF2474}.Debug|Any CPU.ActiveCfg = Debug|Any CPU
		{A1F20A3E-4C15-4AC3-96FE-66488AAF2474}.Debug|Any CPU.Build.0 = Debug|Any CPU
		{A1F20A3E-4C15-4AC3-96FE-66488AAF2474}.Release|Any CPU.ActiveCfg = Release|Any CPU
		{A1F20A3E-4C15-4AC3-96FE-66488AAF2474}.Release|Any CPU.Build.0 = Release|Any CPU
		{A545F76F-926E-4ED9-AA6C-9E3CD061F8C9}.Debug|Any CPU.ActiveCfg = Debug|Any CPU
		{A545F76F-926E-4ED9-AA6C-9E3CD061F8C9}.Debug|Any CPU.Build.0 = Debug|Any CPU
		{A545F76F-926E-4ED9-AA6C-9E3CD061F8C9}.Release|Any CPU.ActiveCfg = Release|Any CPU
		{A545F76F-926E-4ED9-AA6C-9E3CD061F8C9}.Release|Any CPU.Build.0 = Release|Any CPU
	EndGlobalSection
	GlobalSection(SolutionProperties) = preSolution
		HideSolutionNode = FALSE
	EndGlobalSection
	GlobalSection(NestedProjects) = preSolution
		{D6BDDE47-607F-4454-AAE0-10813D689B25} = {9DBAA487-CD24-4107-990B-5038FE31F997}
		{A1F20A3E-4C15-4AC3-96FE-66488AAF2474} = {9DBAA487-CD24-4107-990B-5038FE31F997}
	EndGlobalSection
	GlobalSection(ExtensibilityGlobals) = postSolution
		SolutionGuid = {E779C4DE-931F-44A4-AFC2-887195E61F1E}
	EndGlobalSection
EndGlobal
